// !$*UTF8*$!
{
	archiveVersion = 1;
	classes = {
	};
	objectVersion = 46;
	objects = {

/* Begin PBXBuildFile section */
		DC87BAE91CD3A4FD004755D5 /* Annotation.cpp in Sources */ = {isa = PBXBuildFile; fileRef = DC87BADF1CD3A4FD004755D5 /* Annotation.cpp */; };
		DC87BAEA1CD3A4FD004755D5 /* introduction_windows_vs.cpp in Sources */ = {isa = PBXBuildFile; fileRef = DC87BAE51CD3A4FD004755D5 /* introduction_windows_vs.cpp */; };
		DC87BAEB1CD3A4FD004755D5 /* VisualContextAnnotator.cpp in Sources */ = {isa = PBXBuildFile; fileRef = DC87BAE71CD3A4FD004755D5 /* VisualContextAnnotator.cpp */; };
/* End PBXBuildFile section */

/* Begin PBXCopyFilesBuildPhase section */
		DC87BAD31CD3A2ED004755D5 /* CopyFiles */ = {
			isa = PBXCopyFilesBuildPhase;
			buildActionMask = 2147483647;
			dstPath = /usr/share/man/man1/;
			dstSubfolderSpec = 0;
			files = (
			);
			runOnlyForDeploymentPostprocessing = 1;
		};
/* End PBXCopyFilesBuildPhase section */

/* Begin PBXFileReference section */
		DC87BAD51CD3A2ED004755D5 /* home-ai-reloaded */ = {isa = PBXFileReference; explicitFileType = "compiled.mach-o.executable"; includeInIndex = 0; path = "home-ai-reloaded"; sourceTree = BUILT_PRODUCTS_DIR; };
		DC87BADF1CD3A4FD004755D5 /* Annotation.cpp */ = {isa = PBXFileReference; fileEncoding = 4; lastKnownFileType = sourcecode.cpp.cpp; path = Annotation.cpp; sourceTree = "<group>"; };
		DC87BAE01CD3A4FD004755D5 /* Annotation.h */ = {isa = PBXFileReference; fileEncoding = 4; lastKnownFileType = sourcecode.c.h; path = Annotation.h; sourceTree = "<group>"; };
		DC87BAE11CD3A4FD004755D5 /* bvlc_googlenet.caffemodel */ = {isa = PBXFileReference; lastKnownFileType = file; path = bvlc_googlenet.caffemodel; sourceTree = "<group>"; };
		DC87BAE21CD3A4FD004755D5 /* bvlc_googlenet.prototxt */ = {isa = PBXFileReference; fileEncoding = 4; lastKnownFileType = text; path = bvlc_googlenet.prototxt; sourceTree = "<group>"; };
		DC87BAE31CD3A4FD004755D5 /* HomeAIReloaded.vcxproj */ = {isa = PBXFileReference; fileEncoding = 4; lastKnownFileType = text.xml; path = HomeAIReloaded.vcxproj; sourceTree = "<group>"; };
		DC87BAE41CD3A4FD004755D5 /* HomeAIReloaded.vcxproj.filters */ = {isa = PBXFileReference; fileEncoding = 4; lastKnownFileType = text.xml; path = HomeAIReloaded.vcxproj.filters; sourceTree = "<group>"; };
		DC87BAE51CD3A4FD004755D5 /* introduction_windows_vs.cpp */ = {isa = PBXFileReference; fileEncoding = 4; lastKnownFileType = sourcecode.cpp.cpp; path = introduction_windows_vs.cpp; sourceTree = "<group>"; };
		DC87BAE61CD3A4FD004755D5 /* synset_words.txt */ = {isa = PBXFileReference; fileEncoding = 4; lastKnownFileType = text; path = synset_words.txt; sourceTree = "<group>"; };
		DC87BAE71CD3A4FD004755D5 /* VisualContextAnnotator.cpp */ = {isa = PBXFileReference; fileEncoding = 4; lastKnownFileType = sourcecode.cpp.cpp; path = VisualContextAnnotator.cpp; sourceTree = "<group>"; };
		DC87BAE81CD3A4FD004755D5 /* VisualContextAnnotator.h */ = {isa = PBXFileReference; fileEncoding = 4; lastKnownFileType = sourcecode.c.h; path = VisualContextAnnotator.h; sourceTree = "<group>"; };
/* End PBXFileReference section */

/* Begin PBXFrameworksBuildPhase section */
		DC87BAD21CD3A2ED004755D5 /* Frameworks */ = {
			isa = PBXFrameworksBuildPhase;
			buildActionMask = 2147483647;
			files = (
			);
			runOnlyForDeploymentPostprocessing = 0;
		};
/* End PBXFrameworksBuildPhase section */

/* Begin PBXGroup section */
		DC87BACC1CD3A2ED004755D5 = {
			isa = PBXGroup;
			children = (
				DC87BAD71CD3A2ED004755D5 /* home-ai-reloaded */,
				DC87BAD61CD3A2ED004755D5 /* Products */,
			);
			sourceTree = "<group>";
		};
		DC87BAD61CD3A2ED004755D5 /* Products */ = {
			isa = PBXGroup;
			children = (
				DC87BAD51CD3A2ED004755D5 /* home-ai-reloaded */,
			);
			name = Products;
			sourceTree = "<group>";
		};
		DC87BAD71CD3A2ED004755D5 /* home-ai-reloaded */ = {
			isa = PBXGroup;
			children = (
				DC87BADF1CD3A4FD004755D5 /* Annotation.cpp */,
				DC87BAE01CD3A4FD004755D5 /* Annotation.h */,
				DC87BAE11CD3A4FD004755D5 /* bvlc_googlenet.caffemodel */,
				DC87BAE21CD3A4FD004755D5 /* bvlc_googlenet.prototxt */,
				DC87BAE31CD3A4FD004755D5 /* HomeAIReloaded.vcxproj */,
				DC87BAE41CD3A4FD004755D5 /* HomeAIReloaded.vcxproj.filters */,
				DC87BAE51CD3A4FD004755D5 /* introduction_windows_vs.cpp */,
				DC87BAE61CD3A4FD004755D5 /* synset_words.txt */,
				DC87BAE71CD3A4FD004755D5 /* VisualContextAnnotator.cpp */,
				DC87BAE81CD3A4FD004755D5 /* VisualContextAnnotator.h */,
			);
			path = "home-ai-reloaded";
			sourceTree = "<group>";
		};
/* End PBXGroup section */

/* Begin PBXNativeTarget section */
		DC87BAD41CD3A2ED004755D5 /* home-ai-reloaded */ = {
			isa = PBXNativeTarget;
			buildConfigurationList = DC87BADC1CD3A2ED004755D5 /* Build configuration list for PBXNativeTarget "home-ai-reloaded" */;
			buildPhases = (
				DC87BAD11CD3A2ED004755D5 /* Sources */,
				DC87BAD21CD3A2ED004755D5 /* Frameworks */,
				DC87BAD31CD3A2ED004755D5 /* CopyFiles */,
			);
			buildRules = (
			);
			dependencies = (
			);
			name = "home-ai-reloaded";
			productName = "home-ai-reloaded";
			productReference = DC87BAD51CD3A2ED004755D5 /* home-ai-reloaded */;
			productType = "com.apple.product-type.tool";
		};
/* End PBXNativeTarget section */

/* Begin PBXProject section */
		DC87BACD1CD3A2ED004755D5 /* Project object */ = {
			isa = PBXProject;
			attributes = {
				LastUpgradeCheck = 0730;
				ORGANIZATIONNAME = bemcho;
				TargetAttributes = {
					DC87BAD41CD3A2ED004755D5 = {
						CreatedOnToolsVersion = 7.3;
					};
				};
			};
			buildConfigurationList = DC87BAD01CD3A2ED004755D5 /* Build configuration list for PBXProject "home-ai-reloaded" */;
			compatibilityVersion = "Xcode 3.2";
			developmentRegion = English;
			hasScannedForEncodings = 0;
			knownRegions = (
				en,
			);
			mainGroup = DC87BACC1CD3A2ED004755D5;
			productRefGroup = DC87BAD61CD3A2ED004755D5 /* Products */;
			projectDirPath = "";
			projectRoot = "";
			targets = (
				DC87BAD41CD3A2ED004755D5 /* home-ai-reloaded */,
			);
		};
/* End PBXProject section */

/* Begin PBXSourcesBuildPhase section */
		DC87BAD11CD3A2ED004755D5 /* Sources */ = {
			isa = PBXSourcesBuildPhase;
			buildActionMask = 2147483647;
			files = (
				DC87BAE91CD3A4FD004755D5 /* Annotation.cpp in Sources */,
				DC87BAEA1CD3A4FD004755D5 /* introduction_windows_vs.cpp in Sources */,
				DC87BAEB1CD3A4FD004755D5 /* VisualContextAnnotator.cpp in Sources */,
			);
			runOnlyForDeploymentPostprocessing = 0;
		};
/* End PBXSourcesBuildPhase section */

/* Begin XCBuildConfiguration section */
		DC87BADA1CD3A2ED004755D5 /* Debug */ = {
			isa = XCBuildConfiguration;
			buildSettings = {
				ALWAYS_SEARCH_USER_PATHS = NO;
				CLANG_ANALYZER_NONNULL = YES;
				CLANG_CXX_LANGUAGE_STANDARD = "gnu++0x";
				CLANG_CXX_LIBRARY = "libc++";
				CLANG_ENABLE_MODULES = YES;
				CLANG_ENABLE_OBJC_ARC = YES;
				CLANG_WARN_BOOL_CONVERSION = YES;
				CLANG_WARN_CONSTANT_CONVERSION = YES;
				CLANG_WARN_DIRECT_OBJC_ISA_USAGE = YES_ERROR;
				CLANG_WARN_EMPTY_BODY = YES;
				CLANG_WARN_ENUM_CONVERSION = YES;
				CLANG_WARN_INT_CONVERSION = YES;
				CLANG_WARN_OBJC_ROOT_CLASS = YES_ERROR;
				CLANG_WARN_UNREACHABLE_CODE = YES;
				CLANG_WARN__DUPLICATE_METHOD_MATCH = YES;
				CODE_SIGN_IDENTITY = "-";
				COPY_PHASE_STRIP = NO;
				DEBUG_INFORMATION_FORMAT = dwarf;
				ENABLE_STRICT_OBJC_MSGSEND = YES;
				ENABLE_TESTABILITY = YES;
				GCC_C_LANGUAGE_STANDARD = gnu99;
				GCC_DYNAMIC_NO_PIC = NO;
				GCC_NO_COMMON_BLOCKS = YES;
				GCC_OPTIMIZATION_LEVEL = 0;
				GCC_PREPROCESSOR_DEFINITIONS = (
					"DEBUG=1",
					"$(inherited)",
				);
				GCC_WARN_64_TO_32_BIT_CONVERSION = YES;
				GCC_WARN_ABOUT_RETURN_TYPE = YES_ERROR;
				GCC_WARN_UNDECLARED_SELECTOR = YES;
				GCC_WARN_UNINITIALIZED_AUTOS = YES_AGGRESSIVE;
				GCC_WARN_UNUSED_FUNCTION = YES;
				GCC_WARN_UNUSED_VARIABLE = YES;
				MACOSX_DEPLOYMENT_TARGET = 10.11;
				MTL_ENABLE_DEBUG_INFO = YES;
				ONLY_ACTIVE_ARCH = YES;
				SDKROOT = macosx;
			};
			name = Debug;
		};
		DC87BADB1CD3A2ED004755D5 /* Release */ = {
			isa = XCBuildConfiguration;
			buildSettings = {
				ALWAYS_SEARCH_USER_PATHS = NO;
				CLANG_ANALYZER_NONNULL = YES;
				CLANG_CXX_LANGUAGE_STANDARD = "gnu++0x";
				CLANG_CXX_LIBRARY = "libc++";
				CLANG_ENABLE_MODULES = YES;
				CLANG_ENABLE_OBJC_ARC = YES;
				CLANG_WARN_BOOL_CONVERSION = YES;
				CLANG_WARN_CONSTANT_CONVERSION = YES;
				CLANG_WARN_DIRECT_OBJC_ISA_USAGE = YES_ERROR;
				CLANG_WARN_EMPTY_BODY = YES;
				CLANG_WARN_ENUM_CONVERSION = YES;
				CLANG_WARN_INT_CONVERSION = YES;
				CLANG_WARN_OBJC_ROOT_CLASS = YES_ERROR;
				CLANG_WARN_UNREACHABLE_CODE = YES;
				CLANG_WARN__DUPLICATE_METHOD_MATCH = YES;
				CODE_SIGN_IDENTITY = "-";
				COPY_PHASE_STRIP = NO;
				DEBUG_INFORMATION_FORMAT = "dwarf-with-dsym";
				ENABLE_NS_ASSERTIONS = NO;
				ENABLE_STRICT_OBJC_MSGSEND = YES;
				GCC_C_LANGUAGE_STANDARD = gnu99;
				GCC_NO_COMMON_BLOCKS = YES;
				GCC_WARN_64_TO_32_BIT_CONVERSION = YES;
				GCC_WARN_ABOUT_RETURN_TYPE = YES_ERROR;
				GCC_WARN_UNDECLARED_SELECTOR = YES;
				GCC_WARN_UNINITIALIZED_AUTOS = YES_AGGRESSIVE;
				GCC_WARN_UNUSED_FUNCTION = YES;
				GCC_WARN_UNUSED_VARIABLE = YES;
				MACOSX_DEPLOYMENT_TARGET = 10.11;
				MTL_ENABLE_DEBUG_INFO = NO;
				SDKROOT = macosx;
			};
			name = Release;
		};
		DC87BADD1CD3A2ED004755D5 /* Debug */ = {
			isa = XCBuildConfiguration;
			buildSettings = {
				CLANG_CXX_LANGUAGE_STANDARD = "c++14";
				GCC_C_LANGUAGE_STANDARD = gnu99;
				HEADER_SEARCH_PATHS = (
					/usr/local/include,
					/opt/local/include,
				);
				LD_GENERATE_MAP_FILE = NO;
				LIBRARY_SEARCH_PATHS = (
					/opt/local/lib,
					/usr/lib,
					/usr/local/lib,
				);
				OTHER_LDFLAGS = (
					"-lopencv_calib3d",
					"-lopencv_core",
					"-lopencv_features2d",
					"-lopencv_flann",
					"-lopencv_highgui",
					"-lopencv_imgcodecs",
					"-lopencv_imgproc",
					"-lopencv_ml",
					"-lopencv_objdetect",
					"-lopencv_photo",
					"-lopencv_shape",
					"-lopencv_stitching",
					"-lopencv_superres",
					"-lopencv_text",
					"-lopencv_video",
					"-lopencv_videoio",
					"-lopencv_videostab",
					"-lopencv_dnn",
					"-lopencv_face",
					"-ltbb",
					"-ltbbmalloc",
				);
				PRODUCT_NAME = "$(TARGET_NAME)";
				VALIDATE_PRODUCT = YES;
			};
			name = Debug;
		};
		DC87BADE1CD3A2ED004755D5 /* Release */ = {
			isa = XCBuildConfiguration;
			buildSettings = {
				CLANG_CXX_LANGUAGE_STANDARD = "c++14";
				GCC_C_LANGUAGE_STANDARD = gnu99;
				HEADER_SEARCH_PATHS = (
					/usr/local/include,
					/opt/local/include,
				);
				LD_GENERATE_MAP_FILE = NO;
				LIBRARY_SEARCH_PATHS = (
					/opt/local/lib,
					/usr/lib,
					/usr/local/lib,
				);
				OTHER_LDFLAGS = (
					"-lopencv_calib3d",
					"-lopencv_core",
					"-lopencv_features2d",
					"-lopencv_flann",
					"-lopencv_highgui",
					"-lopencv_imgcodecs",
					"-lopencv_imgproc",
					"-lopencv_ml",
					"-lopencv_objdetect",
					"-lopencv_photo",
					"-lopencv_shape",
					"-lopencv_stitching",
					"-lopencv_superres",
					"-lopencv_text",
					"-lopencv_video",
					"-lopencv_videoio",
					"-lopencv_videostab",
					"-lopencv_dnn",
					"-lopencv_face",
					"-ltbb",
					"-ltbbmalloc",
				);
				PRODUCT_NAME = "$(TARGET_NAME)";
				VALIDATE_PRODUCT = YES;
			};
			name = Release;
		};
/* End XCBuildConfiguration section */

/* Begin XCConfigurationList section */
		DC87BAD01CD3A2ED004755D5 /* Build configuration list for PBXProject "home-ai-reloaded" */ = {
			isa = XCConfigurationList;
			buildConfigurations = (
				DC87BADA1CD3A2ED004755D5 /* Debug */,
				DC87BADB1CD3A2ED004755D5 /* Release */,
			);
			defaultConfigurationIsVisible = 0;
			defaultConfigurationName = Release;
		};
		DC87BADC1CD3A2ED004755D5 /* Build configuration list for PBXNativeTarget "home-ai-reloaded" */ = {
			isa = XCConfigurationList;
			buildConfigurations = (
				DC87BADD1CD3A2ED004755D5 /* Debug */,
				DC87BADE1CD3A2ED004755D5 /* Release */,
			);
			defaultConfigurationIsVisible = 0;
			defaultConfigurationName = Release;
		};
/* End XCConfigurationList section */
	};
	rootObject = DC87BACD1CD3A2ED004755D5 /* Project object */;
}
